// !$*UTF8*$!
{
	archiveVersion = 1;
	classes = {
	};
	objectVersion = 54;
	objects = {

/* Begin PBXBuildFile section */
		859F2F872518DFD000BD8F6B /* AppDelegate.swift in Sources */ = {isa = PBXBuildFile; fileRef = 859F2F862518DFD000BD8F6B /* AppDelegate.swift */; };
		859F2F8A2518DFD000BD8F6B /* Main.storyboard in Resources */ = {isa = PBXBuildFile; fileRef = 859F2F882518DFD000BD8F6B /* Main.storyboard */; };
		859F2F8C2518DFD000BD8F6B /* ViewController.swift in Sources */ = {isa = PBXBuildFile; fileRef = 859F2F8B2518DFD000BD8F6B /* ViewController.swift */; };
		859F2F8E2518DFD100BD8F6B /* Assets.xcassets in Resources */ = {isa = PBXBuildFile; fileRef = 859F2F8D2518DFD100BD8F6B /* Assets.xcassets */; };
		859F2F952518DFD100BD8F6B /* CRAC Extension.appex in Embed App Extensions */ = {isa = PBXBuildFile; fileRef = 859F2F942518DFD100BD8F6B /* CRAC Extension.appex */; settings = {ATTRIBUTES = (RemoveHeadersOnCopy, ); }; };
		859F2F9A2518DFD100BD8F6B /* Cocoa.framework in Frameworks */ = {isa = PBXBuildFile; fileRef = 859F2F992518DFD100BD8F6B /* Cocoa.framework */; };
		859F2F9D2518DFD100BD8F6B /* SafariWebExtensionHandler.swift in Sources */ = {isa = PBXBuildFile; fileRef = 859F2F9C2518DFD100BD8F6B /* SafariWebExtensionHandler.swift */; };
		859F2FB02518DFD100BD8F6B /* css in Resources */ = {isa = PBXBuildFile; fileRef = 859F2FAA2518DFD100BD8F6B /* css */; };
		859F2FB12518DFD100BD8F6B /* js in Resources */ = {isa = PBXBuildFile; fileRef = 859F2FAB2518DFD100BD8F6B /* js */; };
		859F2FB22518DFD100BD8F6B /* icon48.png in Resources */ = {isa = PBXBuildFile; fileRef = 859F2FAC2518DFD100BD8F6B /* icon48.png */; };
		859F2FB32518DFD100BD8F6B /* icon128.png in Resources */ = {isa = PBXBuildFile; fileRef = 859F2FAD2518DFD100BD8F6B /* icon128.png */; };
		859F2FB42518DFD100BD8F6B /* manifest.json in Resources */ = {isa = PBXBuildFile; fileRef = 859F2FAE2518DFD100BD8F6B /* manifest.json */; };
		859F2FB52518DFD100BD8F6B /* icon48-warn.png in Resources */ = {isa = PBXBuildFile; fileRef = 859F2FAF2518DFD100BD8F6B /* icon48-warn.png */; };
/* End PBXBuildFile section */

/* Begin PBXContainerItemProxy section */
		859F2F962518DFD100BD8F6B /* PBXContainerItemProxy */ = {
			isa = PBXContainerItemProxy;
			containerPortal = 859F2F7A2518DFCF00BD8F6B /* Project object */;
			proxyType = 1;
			remoteGlobalIDString = 859F2F932518DFD100BD8F6B;
			remoteInfo = "CRAC Extension";
		};
/* End PBXContainerItemProxy section */

/* Begin PBXCopyFilesBuildPhase section */
		859F2FA52518DFD100BD8F6B /* Embed App Extensions */ = {
			isa = PBXCopyFilesBuildPhase;
			buildActionMask = 2147483647;
			dstPath = "";
			dstSubfolderSpec = 13;
			files = (
				859F2F952518DFD100BD8F6B /* CRAC Extension.appex in Embed App Extensions */,
			);
			name = "Embed App Extensions";
			runOnlyForDeploymentPostprocessing = 0;
		};
/* End PBXCopyFilesBuildPhase section */

/* Begin PBXFileReference section */
		859F2F822518DFD000BD8F6B /* CRAC.app */ = {isa = PBXFileReference; explicitFileType = wrapper.application; includeInIndex = 0; path = CRAC.app; sourceTree = BUILT_PRODUCTS_DIR; };
		859F2F852518DFD000BD8F6B /* CRAC.entitlements */ = {isa = PBXFileReference; lastKnownFileType = text.plist.entitlements; path = CRAC.entitlements; sourceTree = "<group>"; };
		859F2F862518DFD000BD8F6B /* AppDelegate.swift */ = {isa = PBXFileReference; lastKnownFileType = sourcecode.swift; path = AppDelegate.swift; sourceTree = "<group>"; };
		859F2F892518DFD000BD8F6B /* Base */ = {isa = PBXFileReference; lastKnownFileType = file.storyboard; name = Base; path = Base.lproj/Main.storyboard; sourceTree = "<group>"; };
		859F2F8B2518DFD000BD8F6B /* ViewController.swift */ = {isa = PBXFileReference; lastKnownFileType = sourcecode.swift; path = ViewController.swift; sourceTree = "<group>"; };
		859F2F8D2518DFD100BD8F6B /* Assets.xcassets */ = {isa = PBXFileReference; lastKnownFileType = folder.assetcatalog; path = Assets.xcassets; sourceTree = "<group>"; };
		859F2F8F2518DFD100BD8F6B /* Info.plist */ = {isa = PBXFileReference; lastKnownFileType = text.plist.xml; path = Info.plist; sourceTree = "<group>"; };
		859F2F942518DFD100BD8F6B /* CRAC Extension.appex */ = {isa = PBXFileReference; explicitFileType = "wrapper.app-extension"; includeInIndex = 0; path = "CRAC Extension.appex"; sourceTree = BUILT_PRODUCTS_DIR; };
		859F2F992518DFD100BD8F6B /* Cocoa.framework */ = {isa = PBXFileReference; lastKnownFileType = wrapper.framework; name = Cocoa.framework; path = System/Library/Frameworks/Cocoa.framework; sourceTree = SDKROOT; };
		859F2F9C2518DFD100BD8F6B /* SafariWebExtensionHandler.swift */ = {isa = PBXFileReference; lastKnownFileType = sourcecode.swift; path = SafariWebExtensionHandler.swift; sourceTree = "<group>"; };
		859F2F9E2518DFD100BD8F6B /* Info.plist */ = {isa = PBXFileReference; lastKnownFileType = text.plist.xml; path = Info.plist; sourceTree = "<group>"; };
		859F2F9F2518DFD100BD8F6B /* CRAC_Extension.entitlements */ = {isa = PBXFileReference; lastKnownFileType = text.plist.entitlements; path = CRAC_Extension.entitlements; sourceTree = "<group>"; };
		859F2FAA2518DFD100BD8F6B /* css */ = {isa = PBXFileReference; lastKnownFileType = folder; name = css; path = ../../dist/css; sourceTree = "<group>"; };
		859F2FAB2518DFD100BD8F6B /* js */ = {isa = PBXFileReference; lastKnownFileType = folder; name = js; path = ../../dist/js; sourceTree = "<group>"; };
		859F2FAC2518DFD100BD8F6B /* icon48.png */ = {isa = PBXFileReference; lastKnownFileType = image.png; name = icon48.png; path = ../../dist/icon48.png; sourceTree = "<group>"; };
		859F2FAD2518DFD100BD8F6B /* icon128.png */ = {isa = PBXFileReference; lastKnownFileType = image.png; name = icon128.png; path = ../../dist/icon128.png; sourceTree = "<group>"; };
		859F2FAE2518DFD100BD8F6B /* manifest.json */ = {isa = PBXFileReference; lastKnownFileType = text.json; name = manifest.json; path = ../../dist/manifest.json; sourceTree = "<group>"; };
		859F2FAF2518DFD100BD8F6B /* icon48-warn.png */ = {isa = PBXFileReference; lastKnownFileType = image.png; name = "icon48-warn.png"; path = "../../dist/icon48-warn.png"; sourceTree = "<group>"; };
/* End PBXFileReference section */

/* Begin PBXFrameworksBuildPhase section */
		859F2F7F2518DFD000BD8F6B /* Frameworks */ = {
			isa = PBXFrameworksBuildPhase;
			buildActionMask = 2147483647;
			files = (
			);
			runOnlyForDeploymentPostprocessing = 0;
		};
		859F2F912518DFD100BD8F6B /* Frameworks */ = {
			isa = PBXFrameworksBuildPhase;
			buildActionMask = 2147483647;
			files = (
				859F2F9A2518DFD100BD8F6B /* Cocoa.framework in Frameworks */,
			);
			runOnlyForDeploymentPostprocessing = 0;
		};
/* End PBXFrameworksBuildPhase section */

/* Begin PBXGroup section */
		859F2F792518DFCF00BD8F6B = {
			isa = PBXGroup;
			children = (
				859F2F842518DFD000BD8F6B /* CRAC */,
				859F2F9B2518DFD100BD8F6B /* CRAC Extension */,
				859F2F982518DFD100BD8F6B /* Frameworks */,
				859F2F832518DFD000BD8F6B /* Products */,
			);
			sourceTree = "<group>";
		};
		859F2F832518DFD000BD8F6B /* Products */ = {
			isa = PBXGroup;
			children = (
				859F2F822518DFD000BD8F6B /* CRAC.app */,
				859F2F942518DFD100BD8F6B /* CRAC Extension.appex */,
			);
			name = Products;
			sourceTree = "<group>";
		};
		859F2F842518DFD000BD8F6B /* CRAC */ = {
			isa = PBXGroup;
			children = (
				859F2F852518DFD000BD8F6B /* CRAC.entitlements */,
				859F2F862518DFD000BD8F6B /* AppDelegate.swift */,
				859F2F882518DFD000BD8F6B /* Main.storyboard */,
				859F2F8B2518DFD000BD8F6B /* ViewController.swift */,
				859F2F8D2518DFD100BD8F6B /* Assets.xcassets */,
				859F2F8F2518DFD100BD8F6B /* Info.plist */,
			);
			path = CRAC;
			sourceTree = "<group>";
		};
		859F2F982518DFD100BD8F6B /* Frameworks */ = {
			isa = PBXGroup;
			children = (
				859F2F992518DFD100BD8F6B /* Cocoa.framework */,
			);
			name = Frameworks;
			sourceTree = "<group>";
		};
		859F2F9B2518DFD100BD8F6B /* CRAC Extension */ = {
			isa = PBXGroup;
			children = (
				859F2FA92518DFD100BD8F6B /* Resources */,
				859F2F9C2518DFD100BD8F6B /* SafariWebExtensionHandler.swift */,
				859F2F9E2518DFD100BD8F6B /* Info.plist */,
				859F2F9F2518DFD100BD8F6B /* CRAC_Extension.entitlements */,
			);
			path = "CRAC Extension";
			sourceTree = "<group>";
		};
		859F2FA92518DFD100BD8F6B /* Resources */ = {
			isa = PBXGroup;
			children = (
				859F2FAA2518DFD100BD8F6B /* css */,
				859F2FAB2518DFD100BD8F6B /* js */,
				859F2FAC2518DFD100BD8F6B /* icon48.png */,
				859F2FAD2518DFD100BD8F6B /* icon128.png */,
				859F2FAE2518DFD100BD8F6B /* manifest.json */,
				859F2FAF2518DFD100BD8F6B /* icon48-warn.png */,
			);
			name = Resources;
			path = "CRAC Extension";
			sourceTree = SOURCE_ROOT;
		};
/* End PBXGroup section */

/* Begin PBXNativeTarget section */
		859F2F812518DFD000BD8F6B /* CRAC */ = {
			isa = PBXNativeTarget;
			buildConfigurationList = 859F2FA62518DFD100BD8F6B /* Build configuration list for PBXNativeTarget "CRAC" */;
			buildPhases = (
				859F2F7E2518DFD000BD8F6B /* Sources */,
				859F2F7F2518DFD000BD8F6B /* Frameworks */,
				859F2F802518DFD000BD8F6B /* Resources */,
				859F2FA52518DFD100BD8F6B /* Embed App Extensions */,
			);
			buildRules = (
			);
			dependencies = (
				859F2F972518DFD100BD8F6B /* PBXTargetDependency */,
			);
			name = CRAC;
			productName = CRAC;
			productReference = 859F2F822518DFD000BD8F6B /* CRAC.app */;
			productType = "com.apple.product-type.application";
		};
		859F2F932518DFD100BD8F6B /* CRAC Extension */ = {
			isa = PBXNativeTarget;
			buildConfigurationList = 859F2FA22518DFD100BD8F6B /* Build configuration list for PBXNativeTarget "CRAC Extension" */;
			buildPhases = (
				855959ED25190C2D003CCFAA /* ShellScript */,
				859F2F902518DFD100BD8F6B /* Sources */,
				859F2F912518DFD100BD8F6B /* Frameworks */,
				859F2F922518DFD100BD8F6B /* Resources */,
			);
			buildRules = (
			);
			dependencies = (
			);
			name = "CRAC Extension";
			productName = "CRAC Extension";
			productReference = 859F2F942518DFD100BD8F6B /* CRAC Extension.appex */;
			productType = "com.apple.product-type.app-extension";
		};
/* End PBXNativeTarget section */

/* Begin PBXProject section */
		859F2F7A2518DFCF00BD8F6B /* Project object */ = {
			isa = PBXProject;
			attributes = {
				LastSwiftUpdateCheck = 1200;
				LastUpgradeCheck = 1200;
				TargetAttributes = {
					859F2F812518DFD000BD8F6B = {
						CreatedOnToolsVersion = 12.0;
					};
					859F2F932518DFD100BD8F6B = {
						CreatedOnToolsVersion = 12.0;
					};
				};
			};
			buildConfigurationList = 859F2F7D2518DFCF00BD8F6B /* Build configuration list for PBXProject "CRAC" */;
			compatibilityVersion = "Xcode 9.3";
			developmentRegion = en;
			hasScannedForEncodings = 0;
			knownRegions = (
				en,
				Base,
			);
			mainGroup = 859F2F792518DFCF00BD8F6B;
			productRefGroup = 859F2F832518DFD000BD8F6B /* Products */;
			projectDirPath = "";
			projectRoot = "";
			targets = (
				859F2F812518DFD000BD8F6B /* CRAC */,
				859F2F932518DFD100BD8F6B /* CRAC Extension */,
			);
		};
/* End PBXProject section */

/* Begin PBXResourcesBuildPhase section */
		859F2F802518DFD000BD8F6B /* Resources */ = {
			isa = PBXResourcesBuildPhase;
			buildActionMask = 2147483647;
			files = (
				859F2F8E2518DFD100BD8F6B /* Assets.xcassets in Resources */,
				859F2F8A2518DFD000BD8F6B /* Main.storyboard in Resources */,
			);
			runOnlyForDeploymentPostprocessing = 0;
		};
		859F2F922518DFD100BD8F6B /* Resources */ = {
			isa = PBXResourcesBuildPhase;
			buildActionMask = 2147483647;
			files = (
				859F2FB02518DFD100BD8F6B /* css in Resources */,
				859F2FB12518DFD100BD8F6B /* js in Resources */,
				859F2FB42518DFD100BD8F6B /* manifest.json in Resources */,
				859F2FB32518DFD100BD8F6B /* icon128.png in Resources */,
				859F2FB52518DFD100BD8F6B /* icon48-warn.png in Resources */,
				859F2FB22518DFD100BD8F6B /* icon48.png in Resources */,
			);
			runOnlyForDeploymentPostprocessing = 0;
		};
/* End PBXResourcesBuildPhase section */

/* Begin PBXShellScriptBuildPhase section */
		855959ED25190C2D003CCFAA /* ShellScript */ = {
			isa = PBXShellScriptBuildPhase;
			alwaysOutOfDate = 1;
			buildActionMask = 2147483647;
			files = (
			);
			inputFileListPaths = (
			);
			inputPaths = (
			);
			outputFileListPaths = (
			);
			outputPaths = (
				"$(SOURCE_ROOT)/../dist",
			);
			runOnlyForDeploymentPostprocessing = 0;
			shellPath = /bin/sh;
			shellScript = "npm run build\n";
		};
/* End PBXShellScriptBuildPhase section */

/* Begin PBXSourcesBuildPhase section */
		859F2F7E2518DFD000BD8F6B /* Sources */ = {
			isa = PBXSourcesBuildPhase;
			buildActionMask = 2147483647;
			files = (
				859F2F8C2518DFD000BD8F6B /* ViewController.swift in Sources */,
				859F2F872518DFD000BD8F6B /* AppDelegate.swift in Sources */,
			);
			runOnlyForDeploymentPostprocessing = 0;
		};
		859F2F902518DFD100BD8F6B /* Sources */ = {
			isa = PBXSourcesBuildPhase;
			buildActionMask = 2147483647;
			files = (
				859F2F9D2518DFD100BD8F6B /* SafariWebExtensionHandler.swift in Sources */,
			);
			runOnlyForDeploymentPostprocessing = 0;
		};
/* End PBXSourcesBuildPhase section */

/* Begin PBXTargetDependency section */
		859F2F972518DFD100BD8F6B /* PBXTargetDependency */ = {
			isa = PBXTargetDependency;
			target = 859F2F932518DFD100BD8F6B /* CRAC Extension */;
			targetProxy = 859F2F962518DFD100BD8F6B /* PBXContainerItemProxy */;
		};
/* End PBXTargetDependency section */

/* Begin PBXVariantGroup section */
		859F2F882518DFD000BD8F6B /* Main.storyboard */ = {
			isa = PBXVariantGroup;
			children = (
				859F2F892518DFD000BD8F6B /* Base */,
			);
			name = Main.storyboard;
			sourceTree = "<group>";
		};
/* End PBXVariantGroup section */

/* Begin XCBuildConfiguration section */
		859F2FA02518DFD100BD8F6B /* Debug */ = {
			isa = XCBuildConfiguration;
			buildSettings = {
				ALWAYS_SEARCH_USER_PATHS = NO;
				CLANG_ANALYZER_NONNULL = YES;
				CLANG_ANALYZER_NUMBER_OBJECT_CONVERSION = YES_AGGRESSIVE;
				CLANG_CXX_LANGUAGE_STANDARD = "gnu++14";
				CLANG_CXX_LIBRARY = "libc++";
				CLANG_ENABLE_MODULES = YES;
				CLANG_ENABLE_OBJC_ARC = YES;
				CLANG_ENABLE_OBJC_WEAK = YES;
				CLANG_WARN_BLOCK_CAPTURE_AUTORELEASING = YES;
				CLANG_WARN_BOOL_CONVERSION = YES;
				CLANG_WARN_COMMA = YES;
				CLANG_WARN_CONSTANT_CONVERSION = YES;
				CLANG_WARN_DEPRECATED_OBJC_IMPLEMENTATIONS = YES;
				CLANG_WARN_DIRECT_OBJC_ISA_USAGE = YES_ERROR;
				CLANG_WARN_DOCUMENTATION_COMMENTS = YES;
				CLANG_WARN_EMPTY_BODY = YES;
				CLANG_WARN_ENUM_CONVERSION = YES;
				CLANG_WARN_INFINITE_RECURSION = YES;
				CLANG_WARN_INT_CONVERSION = YES;
				CLANG_WARN_NON_LITERAL_NULL_CONVERSION = YES;
				CLANG_WARN_OBJC_IMPLICIT_RETAIN_SELF = YES;
				CLANG_WARN_OBJC_LITERAL_CONVERSION = YES;
				CLANG_WARN_OBJC_ROOT_CLASS = YES_ERROR;
				CLANG_WARN_QUOTED_INCLUDE_IN_FRAMEWORK_HEADER = YES;
				CLANG_WARN_RANGE_LOOP_ANALYSIS = YES;
				CLANG_WARN_STRICT_PROTOTYPES = YES;
				CLANG_WARN_SUSPICIOUS_MOVE = YES;
				CLANG_WARN_UNGUARDED_AVAILABILITY = YES_AGGRESSIVE;
				CLANG_WARN_UNREACHABLE_CODE = YES;
				CLANG_WARN__DUPLICATE_METHOD_MATCH = YES;
				COPY_PHASE_STRIP = NO;
				DEBUG_INFORMATION_FORMAT = dwarf;
				ENABLE_STRICT_OBJC_MSGSEND = YES;
				ENABLE_TESTABILITY = YES;
				GCC_C_LANGUAGE_STANDARD = gnu11;
				GCC_DYNAMIC_NO_PIC = NO;
				GCC_NO_COMMON_BLOCKS = YES;
				GCC_OPTIMIZATION_LEVEL = 0;
				GCC_PREPROCESSOR_DEFINITIONS = (
					"DEBUG=1",
					"$(inherited)",
				);
				GCC_WARN_64_TO_32_BIT_CONVERSION = YES;
				GCC_WARN_ABOUT_RETURN_TYPE = YES_ERROR;
				GCC_WARN_UNDECLARED_SELECTOR = YES;
				GCC_WARN_UNINITIALIZED_AUTOS = YES_AGGRESSIVE;
				GCC_WARN_UNUSED_FUNCTION = YES;
				GCC_WARN_UNUSED_VARIABLE = YES;
				MACOSX_DEPLOYMENT_TARGET = 10.15;
				MTL_ENABLE_DEBUG_INFO = INCLUDE_SOURCE;
				MTL_FAST_MATH = YES;
				ONLY_ACTIVE_ARCH = YES;
				SDKROOT = macosx;
				SWIFT_ACTIVE_COMPILATION_CONDITIONS = DEBUG;
				SWIFT_OPTIMIZATION_LEVEL = "-Onone";
			};
			name = Debug;
		};
		859F2FA12518DFD100BD8F6B /* Release */ = {
			isa = XCBuildConfiguration;
			buildSettings = {
				ALWAYS_SEARCH_USER_PATHS = NO;
				CLANG_ANALYZER_NONNULL = YES;
				CLANG_ANALYZER_NUMBER_OBJECT_CONVERSION = YES_AGGRESSIVE;
				CLANG_CXX_LANGUAGE_STANDARD = "gnu++14";
				CLANG_CXX_LIBRARY = "libc++";
				CLANG_ENABLE_MODULES = YES;
				CLANG_ENABLE_OBJC_ARC = YES;
				CLANG_ENABLE_OBJC_WEAK = YES;
				CLANG_WARN_BLOCK_CAPTURE_AUTORELEASING = YES;
				CLANG_WARN_BOOL_CONVERSION = YES;
				CLANG_WARN_COMMA = YES;
				CLANG_WARN_CONSTANT_CONVERSION = YES;
				CLANG_WARN_DEPRECATED_OBJC_IMPLEMENTATIONS = YES;
				CLANG_WARN_DIRECT_OBJC_ISA_USAGE = YES_ERROR;
				CLANG_WARN_DOCUMENTATION_COMMENTS = YES;
				CLANG_WARN_EMPTY_BODY = YES;
				CLANG_WARN_ENUM_CONVERSION = YES;
				CLANG_WARN_INFINITE_RECURSION = YES;
				CLANG_WARN_INT_CONVERSION = YES;
				CLANG_WARN_NON_LITERAL_NULL_CONVERSION = YES;
				CLANG_WARN_OBJC_IMPLICIT_RETAIN_SELF = YES;
				CLANG_WARN_OBJC_LITERAL_CONVERSION = YES;
				CLANG_WARN_OBJC_ROOT_CLASS = YES_ERROR;
				CLANG_WARN_QUOTED_INCLUDE_IN_FRAMEWORK_HEADER = YES;
				CLANG_WARN_RANGE_LOOP_ANALYSIS = YES;
				CLANG_WARN_STRICT_PROTOTYPES = YES;
				CLANG_WARN_SUSPICIOUS_MOVE = YES;
				CLANG_WARN_UNGUARDED_AVAILABILITY = YES_AGGRESSIVE;
				CLANG_WARN_UNREACHABLE_CODE = YES;
				CLANG_WARN__DUPLICATE_METHOD_MATCH = YES;
				COPY_PHASE_STRIP = NO;
				DEBUG_INFORMATION_FORMAT = "dwarf-with-dsym";
				ENABLE_NS_ASSERTIONS = NO;
				ENABLE_STRICT_OBJC_MSGSEND = YES;
				GCC_C_LANGUAGE_STANDARD = gnu11;
				GCC_NO_COMMON_BLOCKS = YES;
				GCC_WARN_64_TO_32_BIT_CONVERSION = YES;
				GCC_WARN_ABOUT_RETURN_TYPE = YES_ERROR;
				GCC_WARN_UNDECLARED_SELECTOR = YES;
				GCC_WARN_UNINITIALIZED_AUTOS = YES_AGGRESSIVE;
				GCC_WARN_UNUSED_FUNCTION = YES;
				GCC_WARN_UNUSED_VARIABLE = YES;
				MACOSX_DEPLOYMENT_TARGET = 10.15;
				MTL_ENABLE_DEBUG_INFO = NO;
				MTL_FAST_MATH = YES;
				SDKROOT = macosx;
				SWIFT_COMPILATION_MODE = wholemodule;
				SWIFT_OPTIMIZATION_LEVEL = "-O";
			};
			name = Release;
		};
		859F2FA32518DFD100BD8F6B /* Debug */ = {
			isa = XCBuildConfiguration;
			buildSettings = {
				CODE_SIGN_ENTITLEMENTS = "CRAC Extension/CRAC_Extension.entitlements";
				CODE_SIGN_STYLE = Automatic;
				INFOPLIST_FILE = "CRAC Extension/Info.plist";
				LD_RUNPATH_SEARCH_PATHS = (
					"$(inherited)",
					"@executable_path/../Frameworks",
					"@executable_path/../../../../Frameworks",
				);
				MACOSX_DEPLOYMENT_TARGET = 10.14;
				PRODUCT_BUNDLE_IDENTIFIER = "com.jedfox.CRAC-Extension";
				PRODUCT_NAME = "$(TARGET_NAME)";
				SKIP_INSTALL = YES;
				SWIFT_VERSION = 5.0;
			};
			name = Debug;
		};
		859F2FA42518DFD100BD8F6B /* Release */ = {
			isa = XCBuildConfiguration;
			buildSettings = {
				CODE_SIGN_ENTITLEMENTS = "CRAC Extension/CRAC_Extension.entitlements";
				CODE_SIGN_STYLE = Automatic;
				INFOPLIST_FILE = "CRAC Extension/Info.plist";
				LD_RUNPATH_SEARCH_PATHS = (
					"$(inherited)",
					"@executable_path/../Frameworks",
					"@executable_path/../../../../Frameworks",
				);
				MACOSX_DEPLOYMENT_TARGET = 10.14;
				PRODUCT_BUNDLE_IDENTIFIER = "com.jedfox.CRAC-Extension";
				PRODUCT_NAME = "$(TARGET_NAME)";
				SKIP_INSTALL = YES;
				SWIFT_VERSION = 5.0;
			};
			name = Release;
		};
		859F2FA72518DFD100BD8F6B /* Debug */ = {
			isa = XCBuildConfiguration;
			buildSettings = {
				ALWAYS_EMBED_SWIFT_STANDARD_LIBRARIES = YES;
				ASSETCATALOG_COMPILER_APPICON_NAME = AppIcon;
				ASSETCATALOG_COMPILER_GLOBAL_ACCENT_COLOR_NAME = AccentColor;
				CODE_SIGN_ENTITLEMENTS = CRAC/CRAC.entitlements;
				CODE_SIGN_STYLE = Automatic;
				COMBINE_HIDPI_IMAGES = YES;
				INFOPLIST_FILE = CRAC/Info.plist;
				LD_RUNPATH_SEARCH_PATHS = (
					"$(inherited)",
					"@executable_path/../Frameworks",
				);
				MACOSX_DEPLOYMENT_TARGET = 10.14;
				PRODUCT_BUNDLE_IDENTIFIER = com.jedfox.CRAC;
				PRODUCT_NAME = "$(TARGET_NAME)";
				SWIFT_VERSION = 5.0;
			};
			name = Debug;
		};
		859F2FA82518DFD100BD8F6B /* Release */ = {
			isa = XCBuildConfiguration;
			buildSettings = {
				ALWAYS_EMBED_SWIFT_STANDARD_LIBRARIES = YES;
				ASSETCATALOG_COMPILER_APPICON_NAME = AppIcon;
				ASSETCATALOG_COMPILER_GLOBAL_ACCENT_COLOR_NAME = AccentColor;
				CODE_SIGN_ENTITLEMENTS = CRAC/CRAC.entitlements;
				CODE_SIGN_STYLE = Automatic;
				COMBINE_HIDPI_IMAGES = YES;
				INFOPLIST_FILE = CRAC/Info.plist;
				LD_RUNPATH_SEARCH_PATHS = (
					"$(inherited)",
					"@executable_path/../Frameworks",
				);
				MACOSX_DEPLOYMENT_TARGET = 10.14;
				PRODUCT_BUNDLE_IDENTIFIER = com.jedfox.CRAC;
				PRODUCT_NAME = "$(TARGET_NAME)";
				SWIFT_VERSION = 5.0;
			};
			name = Release;
		};
/* End XCBuildConfiguration section */

/* Begin XCConfigurationList section */
		859F2F7D2518DFCF00BD8F6B /* Build configuration list for PBXProject "CRAC" */ = {
			isa = XCConfigurationList;
			buildConfigurations = (
				859F2FA02518DFD100BD8F6B /* Debug */,
				859F2FA12518DFD100BD8F6B /* Release */,
			);
			defaultConfigurationIsVisible = 0;
			defaultConfigurationName = Release;
		};
		859F2FA22518DFD100BD8F6B /* Build configuration list for PBXNativeTarget "CRAC Extension" */ = {
			isa = XCConfigurationList;
			buildConfigurations = (
				859F2FA32518DFD100BD8F6B /* Debug */,
				859F2FA42518DFD100BD8F6B /* Release */,
			);
			defaultConfigurationIsVisible = 0;
			defaultConfigurationName = Release;
		};
		859F2FA62518DFD100BD8F6B /* Build configuration list for PBXNativeTarget "CRAC" */ = {
			isa = XCConfigurationList;
			buildConfigurations = (
				859F2FA72518DFD100BD8F6B /* Debug */,
				859F2FA82518DFD100BD8F6B /* Release */,
			);
			defaultConfigurationIsVisible = 0;
			defaultConfigurationName = Release;
		};
/* End XCConfigurationList section */
	};
	rootObject = 859F2F7A2518DFCF00BD8F6B /* Project object */;
}
